
Microsoft Visual Studio Solution File, Format Version 12.00
# Visual Studio Version 16
VisualStudioVersion = 16.0.29613.14
MinimumVisualStudioVersion = 10.0.40219.1
Project("{FAE04EC0-301F-11D3-BF4B-00C04F79EFBC}") = "TeleportHotkey", "TeleportHotkey\TeleportHotkey.csproj", "{700C6F12-C0FF-4B98-AA54-C52BCC102563}"
EndProject
Global
	GlobalSection(SolutionConfigurationPlatforms) = preSolution
		Debug|Any CPU = Debug|Any CPU
		Release|Any CPU = Release|Any CPU
	EndGlobalSection
	GlobalSection(ProjectConfigurationPlatforms) = postSolution
		{700C6F12-C0FF-4B98-AA54-C52BCC102563}.Debug|Any CPU.ActiveCfg = Debug|Any CPU
		{700C6F12-C0FF-4B98-AA54-C52BCC102563}.Debug|Any CPU.Build.0 = Debug|Any CPU
		{700C6F12-C0FF-4B98-AA54-C52BCC102563}.Release|Any CPU.ActiveCfg = Release|Any CPU
		{700C6F12-C0FF-4B98-AA54-C52BCC102563}.Release|Any CPU.Build.0 = Release|Any CPU
	EndGlobalSection
	GlobalSection(SolutionProperties) = preSolution
		HideSolutionNode = FALSE
	EndGlobalSection
	GlobalSection(ExtensibilityGlobals) = postSolution
		SolutionGuid = {980CA31F-CCE7-4DCB-A2B0-C9BD88096F38}
	EndGlobalSection
EndGlobal
